
Microsoft Visual Studio Solution File, Format Version 12.00
# Visual Studio Version 17
VisualStudioVersion = 17.3.32929.385
MinimumVisualStudioVersion = 10.0.40219.1
Project("{FAE04EC0-301F-11D3-BF4B-00C04F79EFBC}") = "HooToDo", "HooToDo\HooToDo.csproj", "{D0DBC1F5-8AD8-454B-98A9-CEC37060BBF3}"
EndProject
Project("{FAE04EC0-301F-11D3-BF4B-00C04F79EFBC}") = "HooToDo.Infrastructure", "HooToDo.Infrastructure\HooToDo.Infrastructure.csproj", "{F5922FD2-4830-45E3-BF49-2229728269BE}"
EndProject
Project("{FAE04EC0-301F-11D3-BF4B-00C04F79EFBC}") = "HooToDo.Domain", "HooToDo.Domain\HooToDo.Domain.csproj", "{60BCD9D5-9A6B-4B2B-9807-FF278BBECA8B}"
EndProject
Global
	GlobalSection(SolutionConfigurationPlatforms) = preSolution
		Debug|Any CPU = Debug|Any CPU
		Release|Any CPU = Release|Any CPU
	EndGlobalSection
	GlobalSection(ProjectConfigurationPlatforms) = postSolution
		{D0DBC1F5-8AD8-454B-98A9-CEC37060BBF3}.Debug|Any CPU.ActiveCfg = Debug|Any CPU
		{D0DBC1F5-8AD8-454B-98A9-CEC37060BBF3}.Debug|Any CPU.Build.0 = Debug|Any CPU
		{D0DBC1F5-8AD8-454B-98A9-CEC37060BBF3}.Release|Any CPU.ActiveCfg = Release|Any CPU
		{D0DBC1F5-8AD8-454B-98A9-CEC37060BBF3}.Release|Any CPU.Build.0 = Release|Any CPU
		{F5922FD2-4830-45E3-BF49-2229728269BE}.Debug|Any CPU.ActiveCfg = Debug|Any CPU
		{F5922FD2-4830-45E3-BF49-2229728269BE}.Debug|Any CPU.Build.0 = Debug|Any CPU
		{F5922FD2-4830-45E3-BF49-2229728269BE}.Release|Any CPU.ActiveCfg = Release|Any CPU
		{F5922FD2-4830-45E3-BF49-2229728269BE}.Release|Any CPU.Build.0 = Release|Any CPU
		{60BCD9D5-9A6B-4B2B-9807-FF278BBECA8B}.Debug|Any CPU.ActiveCfg = Debug|Any CPU
		{60BCD9D5-9A6B-4B2B-9807-FF278BBECA8B}.Debug|Any CPU.Build.0 = Debug|Any CPU
		{60BCD9D5-9A6B-4B2B-9807-FF278BBECA8B}.Release|Any CPU.ActiveCfg = Release|Any CPU
		{60BCD9D5-9A6B-4B2B-9807-FF278BBECA8B}.Release|Any CPU.Build.0 = Release|Any CPU
	EndGlobalSection
	GlobalSection(SolutionProperties) = preSolution
		HideSolutionNode = FALSE
	EndGlobalSection
	GlobalSection(ExtensibilityGlobals) = postSolution
		SolutionGuid = {E1FD5B77-E2EC-401B-8809-8F7F9EEB6651}
	EndGlobalSection
EndGlobal
